// !$*UTF8*$!
{
	archiveVersion = 1;
	classes = {
	};
	objectVersion = 52;
	objects = {

/* Begin PBXBuildFile section */
		263A548223FA890200014893 /* ImageLoader.swift in Sources */ = {isa = PBXBuildFile; fileRef = 263A548123FA890200014893 /* ImageLoader.swift */; };
		263A548823FA8A3C00014893 /* TrafficCamDetail.swift in Sources */ = {isa = PBXBuildFile; fileRef = 263A548723FA8A3C00014893 /* TrafficCamDetail.swift */; };
		264811BD23FA9C8500189998 /* CameraView.swift in Sources */ = {isa = PBXBuildFile; fileRef = 264811BC23FA9C8500189998 /* CameraView.swift */; };
		264811C023FAA50B00189998 /* ImageView.swift in Sources */ = {isa = PBXBuildFile; fileRef = 264811BF23FAA50B00189998 /* ImageView.swift */; };
		26641CAB23F12D8F00C4509B /* AppDelegate.swift in Sources */ = {isa = PBXBuildFile; fileRef = 26641CAA23F12D8F00C4509B /* AppDelegate.swift */; };
		26641CAD23F12D8F00C4509B /* SceneDelegate.swift in Sources */ = {isa = PBXBuildFile; fileRef = 26641CAC23F12D8F00C4509B /* SceneDelegate.swift */; };
		26641CB023F12D8F00C4509B /* ExerciseThree.xcdatamodeld in Sources */ = {isa = PBXBuildFile; fileRef = 26641CAE23F12D8F00C4509B /* ExerciseThree.xcdatamodeld */; };
		26641CB223F12D8F00C4509B /* ContentView.swift in Sources */ = {isa = PBXBuildFile; fileRef = 26641CB123F12D8F00C4509B /* ContentView.swift */; };
		26641CB423F12D9000C4509B /* Assets.xcassets in Resources */ = {isa = PBXBuildFile; fileRef = 26641CB323F12D9000C4509B /* Assets.xcassets */; };
		26641CB723F12D9000C4509B /* Preview Assets.xcassets in Resources */ = {isa = PBXBuildFile; fileRef = 26641CB623F12D9000C4509B /* Preview Assets.xcassets */; };
		26641CBA23F12D9000C4509B /* LaunchScreen.storyboard in Resources */ = {isa = PBXBuildFile; fileRef = 26641CB823F12D9000C4509B /* LaunchScreen.storyboard */; };
		26641CC323F12FD800C4509B /* Api.swift in Sources */ = {isa = PBXBuildFile; fileRef = 26641CC223F12FD800C4509B /* Api.swift */; };
		26641CC523F1331700C4509B /* CameraModel.swift in Sources */ = {isa = PBXBuildFile; fileRef = 26641CC423F1331700C4509B /* CameraModel.swift */; };
		266AAC2723F145900076EB52 /* SwiftyJSON in Frameworks */ = {isa = PBXBuildFile; productRef = 266AAC2623F145900076EB52 /* SwiftyJSON */; };
		266AAC2923F149890076EB52 /* CamViewModel.swift in Sources */ = {isa = PBXBuildFile; fileRef = 266AAC2823F149890076EB52 /* CamViewModel.swift */; };
/* End PBXBuildFile section */

/* Begin PBXFileReference section */
		263A548123FA890200014893 /* ImageLoader.swift */ = {isa = PBXFileReference; lastKnownFileType = sourcecode.swift; path = ImageLoader.swift; sourceTree = "<group>"; };
		263A548723FA8A3C00014893 /* TrafficCamDetail.swift */ = {isa = PBXFileReference; lastKnownFileType = sourcecode.swift; path = TrafficCamDetail.swift; sourceTree = "<group>"; };
		264811BC23FA9C8500189998 /* CameraView.swift */ = {isa = PBXFileReference; lastKnownFileType = sourcecode.swift; path = CameraView.swift; sourceTree = "<group>"; };
		264811BF23FAA50B00189998 /* ImageView.swift */ = {isa = PBXFileReference; lastKnownFileType = sourcecode.swift; path = ImageView.swift; sourceTree = "<group>"; };
		26641CA723F12D8F00C4509B /* ExerciseThree.app */ = {isa = PBXFileReference; explicitFileType = wrapper.application; includeInIndex = 0; path = ExerciseThree.app; sourceTree = BUILT_PRODUCTS_DIR; };
		26641CAA23F12D8F00C4509B /* AppDelegate.swift */ = {isa = PBXFileReference; lastKnownFileType = sourcecode.swift; path = AppDelegate.swift; sourceTree = "<group>"; };
		26641CAC23F12D8F00C4509B /* SceneDelegate.swift */ = {isa = PBXFileReference; lastKnownFileType = sourcecode.swift; path = SceneDelegate.swift; sourceTree = "<group>"; };
		26641CAF23F12D8F00C4509B /* ExerciseThree.xcdatamodel */ = {isa = PBXFileReference; lastKnownFileType = wrapper.xcdatamodel; path = ExerciseThree.xcdatamodel; sourceTree = "<group>"; };
		26641CB123F12D8F00C4509B /* ContentView.swift */ = {isa = PBXFileReference; lastKnownFileType = sourcecode.swift; path = ContentView.swift; sourceTree = "<group>"; };
		26641CB323F12D9000C4509B /* Assets.xcassets */ = {isa = PBXFileReference; lastKnownFileType = folder.assetcatalog; path = Assets.xcassets; sourceTree = "<group>"; };
		26641CB623F12D9000C4509B /* Preview Assets.xcassets */ = {isa = PBXFileReference; lastKnownFileType = folder.assetcatalog; path = "Preview Assets.xcassets"; sourceTree = "<group>"; };
		26641CB923F12D9000C4509B /* Base */ = {isa = PBXFileReference; lastKnownFileType = file.storyboard; name = Base; path = Base.lproj/LaunchScreen.storyboard; sourceTree = "<group>"; };
		26641CBB23F12D9000C4509B /* Info.plist */ = {isa = PBXFileReference; lastKnownFileType = text.plist.xml; path = Info.plist; sourceTree = "<group>"; };
		26641CC223F12FD800C4509B /* Api.swift */ = {isa = PBXFileReference; lastKnownFileType = sourcecode.swift; path = Api.swift; sourceTree = "<group>"; };
		26641CC423F1331700C4509B /* CameraModel.swift */ = {isa = PBXFileReference; lastKnownFileType = sourcecode.swift; path = CameraModel.swift; sourceTree = "<group>"; };
		266AAC2823F149890076EB52 /* CamViewModel.swift */ = {isa = PBXFileReference; lastKnownFileType = sourcecode.swift; path = CamViewModel.swift; sourceTree = "<group>"; };
/* End PBXFileReference section */

/* Begin PBXFrameworksBuildPhase section */
		26641CA423F12D8F00C4509B /* Frameworks */ = {
			isa = PBXFrameworksBuildPhase;
			buildActionMask = 2147483647;
			files = (
				266AAC2723F145900076EB52 /* SwiftyJSON in Frameworks */,
			);
			runOnlyForDeploymentPostprocessing = 0;
		};
/* End PBXFrameworksBuildPhase section */

/* Begin PBXGroup section */
		263A548023FA88E900014893 /* ImageViews */ = {
			isa = PBXGroup;
			children = (
				263A548123FA890200014893 /* ImageLoader.swift */,
				264811BF23FAA50B00189998 /* ImageView.swift */,
			);
			path = ImageViews;
			sourceTree = "<group>";
		};
		264811BE23FAA36400189998 /* Views */ = {
			isa = PBXGroup;
			children = (
				266AAC2823F149890076EB52 /* CamViewModel.swift */,
				263A548723FA8A3C00014893 /* TrafficCamDetail.swift */,
				264811BC23FA9C8500189998 /* CameraView.swift */,
				26641CB123F12D8F00C4509B /* ContentView.swift */,
			);
			path = Views;
			sourceTree = "<group>";
		};
		26641C9E23F12D8F00C4509B = {
			isa = PBXGroup;
			children = (
				26641CC123F12F4900C4509B /* Models */,
				263A548023FA88E900014893 /* ImageViews */,
				26641CA923F12D8F00C4509B /* ExerciseThree */,
				26641CA823F12D8F00C4509B /* Products */,
			);
			sourceTree = "<group>";
		};
		26641CA823F12D8F00C4509B /* Products */ = {
			isa = PBXGroup;
			children = (
				26641CA723F12D8F00C4509B /* ExerciseThree.app */,
			);
			name = Products;
			sourceTree = "<group>";
		};
		26641CA923F12D8F00C4509B /* ExerciseThree */ = {
			isa = PBXGroup;
			children = (
				264811BE23FAA36400189998 /* Views */,
				26641CAA23F12D8F00C4509B /* AppDelegate.swift */,
				26641CAC23F12D8F00C4509B /* SceneDelegate.swift */,
				26641CB323F12D9000C4509B /* Assets.xcassets */,
				26641CB823F12D9000C4509B /* LaunchScreen.storyboard */,
				26641CBB23F12D9000C4509B /* Info.plist */,
				26641CAE23F12D8F00C4509B /* ExerciseThree.xcdatamodeld */,
				26641CB523F12D9000C4509B /* Preview Content */,
			);
			path = ExerciseThree;
			sourceTree = "<group>";
		};
		26641CB523F12D9000C4509B /* Preview Content */ = {
			isa = PBXGroup;
			children = (
				26641CB623F12D9000C4509B /* Preview Assets.xcassets */,
			);
			path = "Preview Content";
			sourceTree = "<group>";
		};
		26641CC123F12F4900C4509B /* Models */ = {
			isa = PBXGroup;
			children = (
				26641CC223F12FD800C4509B /* Api.swift */,
				26641CC423F1331700C4509B /* CameraModel.swift */,
			);
			path = Models;
			sourceTree = "<group>";
		};
/* End PBXGroup section */

/* Begin PBXNativeTarget section */
		26641CA623F12D8F00C4509B /* ExerciseThree */ = {
			isa = PBXNativeTarget;
			buildConfigurationList = 26641CBE23F12D9000C4509B /* Build configuration list for PBXNativeTarget "ExerciseThree" */;
			buildPhases = (
				26641CA323F12D8F00C4509B /* Sources */,
				26641CA423F12D8F00C4509B /* Frameworks */,
				26641CA523F12D8F00C4509B /* Resources */,
			);
			buildRules = (
			);
			dependencies = (
			);
			name = ExerciseThree;
			packageProductDependencies = (
				266AAC2623F145900076EB52 /* SwiftyJSON */,
			);
			productName = ExerciseThree;
			productReference = 26641CA723F12D8F00C4509B /* ExerciseThree.app */;
			productType = "com.apple.product-type.application";
		};
/* End PBXNativeTarget section */

/* Begin PBXProject section */
		26641C9F23F12D8F00C4509B /* Project object */ = {
			isa = PBXProject;
			attributes = {
				LastSwiftUpdateCheck = 1110;
				LastUpgradeCheck = 1110;
				ORGANIZATIONNAME = "Arto Lindgren";
				TargetAttributes = {
					26641CA623F12D8F00C4509B = {
						CreatedOnToolsVersion = 11.1;
					};
				};
			};
			buildConfigurationList = 26641CA223F12D8F00C4509B /* Build configuration list for PBXProject "ExerciseThree" */;
			compatibilityVersion = "Xcode 9.3";
			developmentRegion = en;
			hasScannedForEncodings = 0;
			knownRegions = (
				en,
				Base,
			);
			mainGroup = 26641C9E23F12D8F00C4509B;
			packageReferences = (
				266AAC2523F145900076EB52 /* XCRemoteSwiftPackageReference "SwiftyJSON" */,
			);
			productRefGroup = 26641CA823F12D8F00C4509B /* Products */;
			projectDirPath = "";
			projectRoot = "";
			targets = (
				26641CA623F12D8F00C4509B /* ExerciseThree */,
			);
		};
/* End PBXProject section */

/* Begin PBXResourcesBuildPhase section */
		26641CA523F12D8F00C4509B /* Resources */ = {
			isa = PBXResourcesBuildPhase;
			buildActionMask = 2147483647;
			files = (
				26641CBA23F12D9000C4509B /* LaunchScreen.storyboard in Resources */,
				26641CB723F12D9000C4509B /* Preview Assets.xcassets in Resources */,
				26641CB423F12D9000C4509B /* Assets.xcassets in Resources */,
			);
			runOnlyForDeploymentPostprocessing = 0;
		};
/* End PBXResourcesBuildPhase section */

/* Begin PBXSourcesBuildPhase section */
		26641CA323F12D8F00C4509B /* Sources */ = {
			isa = PBXSourcesBuildPhase;
			buildActionMask = 2147483647;
			files = (
				26641CB023F12D8F00C4509B /* ExerciseThree.xcdatamodeld in Sources */,
				264811BD23FA9C8500189998 /* CameraView.swift in Sources */,
				263A548823FA8A3C00014893 /* TrafficCamDetail.swift in Sources */,
				26641CC523F1331700C4509B /* CameraModel.swift in Sources */,
				264811C023FAA50B00189998 /* ImageView.swift in Sources */,
				26641CAB23F12D8F00C4509B /* AppDelegate.swift in Sources */,
				26641CB223F12D8F00C4509B /* ContentView.swift in Sources */,
				266AAC2923F149890076EB52 /* CamViewModel.swift in Sources */,
				263A548223FA890200014893 /* ImageLoader.swift in Sources */,
				26641CC323F12FD800C4509B /* Api.swift in Sources */,
				26641CAD23F12D8F00C4509B /* SceneDelegate.swift in Sources */,
			);
			runOnlyForDeploymentPostprocessing = 0;
		};
/* End PBXSourcesBuildPhase section */

/* Begin PBXVariantGroup section */
		26641CB823F12D9000C4509B /* LaunchScreen.storyboard */ = {
			isa = PBXVariantGroup;
			children = (
				26641CB923F12D9000C4509B /* Base */,
			);
			name = LaunchScreen.storyboard;
			sourceTree = "<group>";
		};
/* End PBXVariantGroup section */

/* Begin XCBuildConfiguration section */
		26641CBC23F12D9000C4509B /* Debug */ = {
			isa = XCBuildConfiguration;
			buildSettings = {
				ALWAYS_SEARCH_USER_PATHS = NO;
				CLANG_ANALYZER_NONNULL = YES;
				CLANG_ANALYZER_NUMBER_OBJECT_CONVERSION = YES_AGGRESSIVE;
				CLANG_CXX_LANGUAGE_STANDARD = "gnu++14";
				CLANG_CXX_LIBRARY = "libc++";
				CLANG_ENABLE_MODULES = YES;
				CLANG_ENABLE_OBJC_ARC = YES;
				CLANG_ENABLE_OBJC_WEAK = YES;
				CLANG_WARN_BLOCK_CAPTURE_AUTORELEASING = YES;
				CLANG_WARN_BOOL_CONVERSION = YES;
				CLANG_WARN_COMMA = YES;
				CLANG_WARN_CONSTANT_CONVERSION = YES;
				CLANG_WARN_DEPRECATED_OBJC_IMPLEMENTATIONS = YES;
				CLANG_WARN_DIRECT_OBJC_ISA_USAGE = YES_ERROR;
				CLANG_WARN_DOCUMENTATION_COMMENTS = YES;
				CLANG_WARN_EMPTY_BODY = YES;
				CLANG_WARN_ENUM_CONVERSION = YES;
				CLANG_WARN_INFINITE_RECURSION = YES;
				CLANG_WARN_INT_CONVERSION = YES;
				CLANG_WARN_NON_LITERAL_NULL_CONVERSION = YES;
				CLANG_WARN_OBJC_IMPLICIT_RETAIN_SELF = YES;
				CLANG_WARN_OBJC_LITERAL_CONVERSION = YES;
				CLANG_WARN_OBJC_ROOT_CLASS = YES_ERROR;
				CLANG_WARN_RANGE_LOOP_ANALYSIS = YES;
				CLANG_WARN_STRICT_PROTOTYPES = YES;
				CLANG_WARN_SUSPICIOUS_MOVE = YES;
				CLANG_WARN_UNGUARDED_AVAILABILITY = YES_AGGRESSIVE;
				CLANG_WARN_UNREACHABLE_CODE = YES;
				CLANG_WARN__DUPLICATE_METHOD_MATCH = YES;
				COPY_PHASE_STRIP = NO;
				DEBUG_INFORMATION_FORMAT = dwarf;
				ENABLE_STRICT_OBJC_MSGSEND = YES;
				ENABLE_TESTABILITY = YES;
				GCC_C_LANGUAGE_STANDARD = gnu11;
				GCC_DYNAMIC_NO_PIC = NO;
				GCC_NO_COMMON_BLOCKS = YES;
				GCC_OPTIMIZATION_LEVEL = 0;
				GCC_PREPROCESSOR_DEFINITIONS = (
					"DEBUG=1",
					"$(inherited)",
				);
				GCC_WARN_64_TO_32_BIT_CONVERSION = YES;
				GCC_WARN_ABOUT_RETURN_TYPE = YES_ERROR;
				GCC_WARN_UNDECLARED_SELECTOR = YES;
				GCC_WARN_UNINITIALIZED_AUTOS = YES_AGGRESSIVE;
				GCC_WARN_UNUSED_FUNCTION = YES;
				GCC_WARN_UNUSED_VARIABLE = YES;
				IPHONEOS_DEPLOYMENT_TARGET = 13.1;
				MTL_ENABLE_DEBUG_INFO = INCLUDE_SOURCE;
				MTL_FAST_MATH = YES;
				ONLY_ACTIVE_ARCH = YES;
				SDKROOT = iphoneos;
				SWIFT_ACTIVE_COMPILATION_CONDITIONS = DEBUG;
				SWIFT_OPTIMIZATION_LEVEL = "-Onone";
			};
			name = Debug;
		};
		26641CBD23F12D9000C4509B /* Release */ = {
			isa = XCBuildConfiguration;
			buildSettings = {
				ALWAYS_SEARCH_USER_PATHS = NO;
				CLANG_ANALYZER_NONNULL = YES;
				CLANG_ANALYZER_NUMBER_OBJECT_CONVERSION = YES_AGGRESSIVE;
				CLANG_CXX_LANGUAGE_STANDARD = "gnu++14";
				CLANG_CXX_LIBRARY = "libc++";
				CLANG_ENABLE_MODULES = YES;
				CLANG_ENABLE_OBJC_ARC = YES;
				CLANG_ENABLE_OBJC_WEAK = YES;
				CLANG_WARN_BLOCK_CAPTURE_AUTORELEASING = YES;
				CLANG_WARN_BOOL_CONVERSION = YES;
				CLANG_WARN_COMMA = YES;
				CLANG_WARN_CONSTANT_CONVERSION = YES;
				CLANG_WARN_DEPRECATED_OBJC_IMPLEMENTATIONS = YES;
				CLANG_WARN_DIRECT_OBJC_ISA_USAGE = YES_ERROR;
				CLANG_WARN_DOCUMENTATION_COMMENTS = YES;
				CLANG_WARN_EMPTY_BODY = YES;
				CLANG_WARN_ENUM_CONVERSION = YES;
				CLANG_WARN_INFINITE_RECURSION = YES;
				CLANG_WARN_INT_CONVERSION = YES;
				CLANG_WARN_NON_LITERAL_NULL_CONVERSION = YES;
				CLANG_WARN_OBJC_IMPLICIT_RETAIN_SELF = YES;
				CLANG_WARN_OBJC_LITERAL_CONVERSION = YES;
				CLANG_WARN_OBJC_ROOT_CLASS = YES_ERROR;
				CLANG_WARN_RANGE_LOOP_ANALYSIS = YES;
				CLANG_WARN_STRICT_PROTOTYPES = YES;
				CLANG_WARN_SUSPICIOUS_MOVE = YES;
				CLANG_WARN_UNGUARDED_AVAILABILITY = YES_AGGRESSIVE;
				CLANG_WARN_UNREACHABLE_CODE = YES;
				CLANG_WARN__DUPLICATE_METHOD_MATCH = YES;
				COPY_PHASE_STRIP = NO;
				DEBUG_INFORMATION_FORMAT = "dwarf-with-dsym";
				ENABLE_NS_ASSERTIONS = NO;
				ENABLE_STRICT_OBJC_MSGSEND = YES;
				GCC_C_LANGUAGE_STANDARD = gnu11;
				GCC_NO_COMMON_BLOCKS = YES;
				GCC_WARN_64_TO_32_BIT_CONVERSION = YES;
				GCC_WARN_ABOUT_RETURN_TYPE = YES_ERROR;
				GCC_WARN_UNDECLARED_SELECTOR = YES;
				GCC_WARN_UNINITIALIZED_AUTOS = YES_AGGRESSIVE;
				GCC_WARN_UNUSED_FUNCTION = YES;
				GCC_WARN_UNUSED_VARIABLE = YES;
				IPHONEOS_DEPLOYMENT_TARGET = 13.1;
				MTL_ENABLE_DEBUG_INFO = NO;
				MTL_FAST_MATH = YES;
				SDKROOT = iphoneos;
				SWIFT_COMPILATION_MODE = wholemodule;
				SWIFT_OPTIMIZATION_LEVEL = "-O";
				VALIDATE_PRODUCT = YES;
			};
			name = Release;
		};
		26641CBF23F12D9000C4509B /* Debug */ = {
			isa = XCBuildConfiguration;
			buildSettings = {
				ASSETCATALOG_COMPILER_APPICON_NAME = AppIcon;
				CODE_SIGN_STYLE = Automatic;
				DEVELOPMENT_ASSET_PATHS = "\"ExerciseThree/Preview Content\"";
				ENABLE_PREVIEWS = YES;
				INFOPLIST_FILE = ExerciseThree/Info.plist;
				LD_RUNPATH_SEARCH_PATHS = (
					"$(inherited)",
					"@executable_path/Frameworks",
				);
				PRODUCT_BUNDLE_IDENTIFIER = lab.ExerciseThree;
				PRODUCT_NAME = "$(TARGET_NAME)";
				SWIFT_VERSION = 5.0;
				TARGETED_DEVICE_FAMILY = "1,2";
			};
			name = Debug;
		};
		26641CC023F12D9000C4509B /* Release */ = {
			isa = XCBuildConfiguration;
			buildSettings = {
				ASSETCATALOG_COMPILER_APPICON_NAME = AppIcon;
				CODE_SIGN_STYLE = Automatic;
				DEVELOPMENT_ASSET_PATHS = "\"ExerciseThree/Preview Content\"";
				ENABLE_PREVIEWS = YES;
				INFOPLIST_FILE = ExerciseThree/Info.plist;
				LD_RUNPATH_SEARCH_PATHS = (
					"$(inherited)",
					"@executable_path/Frameworks",
				);
				PRODUCT_BUNDLE_IDENTIFIER = lab.ExerciseThree;
				PRODUCT_NAME = "$(TARGET_NAME)";
				SWIFT_VERSION = 5.0;
				TARGETED_DEVICE_FAMILY = "1,2";
			};
			name = Release;
		};
/* End XCBuildConfiguration section */

/* Begin XCConfigurationList section */
		26641CA223F12D8F00C4509B /* Build configuration list for PBXProject "ExerciseThree" */ = {
			isa = XCConfigurationList;
			buildConfigurations = (
				26641CBC23F12D9000C4509B /* Debug */,
				26641CBD23F12D9000C4509B /* Release */,
			);
			defaultConfigurationIsVisible = 0;
			defaultConfigurationName = Release;
		};
		26641CBE23F12D9000C4509B /* Build configuration list for PBXNativeTarget "ExerciseThree" */ = {
			isa = XCConfigurationList;
			buildConfigurations = (
				26641CBF23F12D9000C4509B /* Debug */,
				26641CC023F12D9000C4509B /* Release */,
			);
			defaultConfigurationIsVisible = 0;
			defaultConfigurationName = Release;
		};
/* End XCConfigurationList section */

/* Begin XCRemoteSwiftPackageReference section */
		266AAC2523F145900076EB52 /* XCRemoteSwiftPackageReference "SwiftyJSON" */ = {
			isa = XCRemoteSwiftPackageReference;
			repositoryURL = "https://github.com/SwiftyJSON/SwiftyJSON.git";
			requirement = {
				kind = upToNextMajorVersion;
				minimumVersion = 5.0.0;
			};
		};
/* End XCRemoteSwiftPackageReference section */

/* Begin XCSwiftPackageProductDependency section */
		266AAC2623F145900076EB52 /* SwiftyJSON */ = {
			isa = XCSwiftPackageProductDependency;
			package = 266AAC2523F145900076EB52 /* XCRemoteSwiftPackageReference "SwiftyJSON" */;
			productName = SwiftyJSON;
		};
/* End XCSwiftPackageProductDependency section */

/* Begin XCVersionGroup section */
		26641CAE23F12D8F00C4509B /* ExerciseThree.xcdatamodeld */ = {
			isa = XCVersionGroup;
			children = (
				26641CAF23F12D8F00C4509B /* ExerciseThree.xcdatamodel */,
			);
			currentVersion = 26641CAF23F12D8F00C4509B /* ExerciseThree.xcdatamodel */;
			path = ExerciseThree.xcdatamodeld;
			sourceTree = "<group>";
			versionGroupType = wrapper.xcdatamodel;
		};
/* End XCVersionGroup section */
	};
	rootObject = 26641C9F23F12D8F00C4509B /* Project object */;
}
