// !$*UTF8*$!
{
	archiveVersion = 1;
	classes = {
	};
	objectVersion = 50;
	objects = {

/* Begin PBXBuildFile section */
		262F86A723E3FEF900E30355 /* AppDelegate.swift in Sources */ = {isa = PBXBuildFile; fileRef = 262F86A623E3FEF900E30355 /* AppDelegate.swift */; };
		262F86A923E3FEF900E30355 /* SceneDelegate.swift in Sources */ = {isa = PBXBuildFile; fileRef = 262F86A823E3FEF900E30355 /* SceneDelegate.swift */; };
		262F86AB23E3FEF900E30355 /* ContentView.swift in Sources */ = {isa = PBXBuildFile; fileRef = 262F86AA23E3FEF900E30355 /* ContentView.swift */; };
		262F86AD23E3FEFA00E30355 /* Assets.xcassets in Resources */ = {isa = PBXBuildFile; fileRef = 262F86AC23E3FEFA00E30355 /* Assets.xcassets */; };
		262F86B023E3FEFA00E30355 /* Preview Assets.xcassets in Resources */ = {isa = PBXBuildFile; fileRef = 262F86AF23E3FEFA00E30355 /* Preview Assets.xcassets */; };
		262F86B323E3FEFA00E30355 /* LaunchScreen.storyboard in Resources */ = {isa = PBXBuildFile; fileRef = 262F86B123E3FEFA00E30355 /* LaunchScreen.storyboard */; };
		262F86BE23E3FEFA00E30355 /* ToDoListTests.swift in Sources */ = {isa = PBXBuildFile; fileRef = 262F86BD23E3FEFA00E30355 /* ToDoListTests.swift */; };
		262F86C923E3FEFA00E30355 /* ToDoListUITests.swift in Sources */ = {isa = PBXBuildFile; fileRef = 262F86C823E3FEFA00E30355 /* ToDoListUITests.swift */; };
/* End PBXBuildFile section */

/* Begin PBXContainerItemProxy section */
		262F86BA23E3FEFA00E30355 /* PBXContainerItemProxy */ = {
			isa = PBXContainerItemProxy;
			containerPortal = 262F869B23E3FEF900E30355 /* Project object */;
			proxyType = 1;
			remoteGlobalIDString = 262F86A223E3FEF900E30355;
			remoteInfo = ToDoList;
		};
		262F86C523E3FEFA00E30355 /* PBXContainerItemProxy */ = {
			isa = PBXContainerItemProxy;
			containerPortal = 262F869B23E3FEF900E30355 /* Project object */;
			proxyType = 1;
			remoteGlobalIDString = 262F86A223E3FEF900E30355;
			remoteInfo = ToDoList;
		};
/* End PBXContainerItemProxy section */

/* Begin PBXFileReference section */
		262F86A323E3FEF900E30355 /* ToDoList.app */ = {isa = PBXFileReference; explicitFileType = wrapper.application; includeInIndex = 0; path = ToDoList.app; sourceTree = BUILT_PRODUCTS_DIR; };
		262F86A623E3FEF900E30355 /* AppDelegate.swift */ = {isa = PBXFileReference; lastKnownFileType = sourcecode.swift; path = AppDelegate.swift; sourceTree = "<group>"; };
		262F86A823E3FEF900E30355 /* SceneDelegate.swift */ = {isa = PBXFileReference; lastKnownFileType = sourcecode.swift; path = SceneDelegate.swift; sourceTree = "<group>"; };
		262F86AA23E3FEF900E30355 /* ContentView.swift */ = {isa = PBXFileReference; lastKnownFileType = sourcecode.swift; path = ContentView.swift; sourceTree = "<group>"; };
		262F86AC23E3FEFA00E30355 /* Assets.xcassets */ = {isa = PBXFileReference; lastKnownFileType = folder.assetcatalog; path = Assets.xcassets; sourceTree = "<group>"; };
		262F86AF23E3FEFA00E30355 /* Preview Assets.xcassets */ = {isa = PBXFileReference; lastKnownFileType = folder.assetcatalog; path = "Preview Assets.xcassets"; sourceTree = "<group>"; };
		262F86B223E3FEFA00E30355 /* Base */ = {isa = PBXFileReference; lastKnownFileType = file.storyboard; name = Base; path = Base.lproj/LaunchScreen.storyboard; sourceTree = "<group>"; };
		262F86B423E3FEFA00E30355 /* Info.plist */ = {isa = PBXFileReference; lastKnownFileType = text.plist.xml; path = Info.plist; sourceTree = "<group>"; };
		262F86B923E3FEFA00E30355 /* ToDoListTests.xctest */ = {isa = PBXFileReference; explicitFileType = wrapper.cfbundle; includeInIndex = 0; path = ToDoListTests.xctest; sourceTree = BUILT_PRODUCTS_DIR; };
		262F86BD23E3FEFA00E30355 /* ToDoListTests.swift */ = {isa = PBXFileReference; lastKnownFileType = sourcecode.swift; path = ToDoListTests.swift; sourceTree = "<group>"; };
		262F86BF23E3FEFA00E30355 /* Info.plist */ = {isa = PBXFileReference; lastKnownFileType = text.plist.xml; path = Info.plist; sourceTree = "<group>"; };
		262F86C423E3FEFA00E30355 /* ToDoListUITests.xctest */ = {isa = PBXFileReference; explicitFileType = wrapper.cfbundle; includeInIndex = 0; path = ToDoListUITests.xctest; sourceTree = BUILT_PRODUCTS_DIR; };
		262F86C823E3FEFA00E30355 /* ToDoListUITests.swift */ = {isa = PBXFileReference; lastKnownFileType = sourcecode.swift; path = ToDoListUITests.swift; sourceTree = "<group>"; };
		262F86CA23E3FEFA00E30355 /* Info.plist */ = {isa = PBXFileReference; lastKnownFileType = text.plist.xml; path = Info.plist; sourceTree = "<group>"; };
/* End PBXFileReference section */

/* Begin PBXFrameworksBuildPhase section */
		262F86A023E3FEF900E30355 /* Frameworks */ = {
			isa = PBXFrameworksBuildPhase;
			buildActionMask = 2147483647;
			files = (
			);
			runOnlyForDeploymentPostprocessing = 0;
		};
		262F86B623E3FEFA00E30355 /* Frameworks */ = {
			isa = PBXFrameworksBuildPhase;
			buildActionMask = 2147483647;
			files = (
			);
			runOnlyForDeploymentPostprocessing = 0;
		};
		262F86C123E3FEFA00E30355 /* Frameworks */ = {
			isa = PBXFrameworksBuildPhase;
			buildActionMask = 2147483647;
			files = (
			);
			runOnlyForDeploymentPostprocessing = 0;
		};
/* End PBXFrameworksBuildPhase section */

/* Begin PBXGroup section */
		262F869A23E3FEF900E30355 = {
			isa = PBXGroup;
			children = (
				262F86A523E3FEF900E30355 /* ToDoList */,
				262F86BC23E3FEFA00E30355 /* ToDoListTests */,
				262F86C723E3FEFA00E30355 /* ToDoListUITests */,
				262F86A423E3FEF900E30355 /* Products */,
			);
			sourceTree = "<group>";
		};
		262F86A423E3FEF900E30355 /* Products */ = {
			isa = PBXGroup;
			children = (
				262F86A323E3FEF900E30355 /* ToDoList.app */,
				262F86B923E3FEFA00E30355 /* ToDoListTests.xctest */,
				262F86C423E3FEFA00E30355 /* ToDoListUITests.xctest */,
			);
			name = Products;
			sourceTree = "<group>";
		};
		262F86A523E3FEF900E30355 /* ToDoList */ = {
			isa = PBXGroup;
			children = (
				262F86A623E3FEF900E30355 /* AppDelegate.swift */,
				262F86A823E3FEF900E30355 /* SceneDelegate.swift */,
				262F86AA23E3FEF900E30355 /* ContentView.swift */,
				262F86AC23E3FEFA00E30355 /* Assets.xcassets */,
				262F86B123E3FEFA00E30355 /* LaunchScreen.storyboard */,
				262F86B423E3FEFA00E30355 /* Info.plist */,
				262F86AE23E3FEFA00E30355 /* Preview Content */,
			);
			path = ToDoList;
			sourceTree = "<group>";
		};
		262F86AE23E3FEFA00E30355 /* Preview Content */ = {
			isa = PBXGroup;
			children = (
				262F86AF23E3FEFA00E30355 /* Preview Assets.xcassets */,
			);
			path = "Preview Content";
			sourceTree = "<group>";
		};
		262F86BC23E3FEFA00E30355 /* ToDoListTests */ = {
			isa = PBXGroup;
			children = (
				262F86BD23E3FEFA00E30355 /* ToDoListTests.swift */,
				262F86BF23E3FEFA00E30355 /* Info.plist */,
			);
			path = ToDoListTests;
			sourceTree = "<group>";
		};
		262F86C723E3FEFA00E30355 /* ToDoListUITests */ = {
			isa = PBXGroup;
			children = (
				262F86C823E3FEFA00E30355 /* ToDoListUITests.swift */,
				262F86CA23E3FEFA00E30355 /* Info.plist */,
			);
			path = ToDoListUITests;
			sourceTree = "<group>";
		};
/* End PBXGroup section */

/* Begin PBXNativeTarget section */
		262F86A223E3FEF900E30355 /* ToDoList */ = {
			isa = PBXNativeTarget;
			buildConfigurationList = 262F86CD23E3FEFA00E30355 /* Build configuration list for PBXNativeTarget "ToDoList" */;
			buildPhases = (
				262F869F23E3FEF900E30355 /* Sources */,
				262F86A023E3FEF900E30355 /* Frameworks */,
				262F86A123E3FEF900E30355 /* Resources */,
			);
			buildRules = (
			);
			dependencies = (
			);
			name = ToDoList;
			productName = ToDoList;
			productReference = 262F86A323E3FEF900E30355 /* ToDoList.app */;
			productType = "com.apple.product-type.application";
		};
		262F86B823E3FEFA00E30355 /* ToDoListTests */ = {
			isa = PBXNativeTarget;
			buildConfigurationList = 262F86D023E3FEFA00E30355 /* Build configuration list for PBXNativeTarget "ToDoListTests" */;
			buildPhases = (
				262F86B523E3FEFA00E30355 /* Sources */,
				262F86B623E3FEFA00E30355 /* Frameworks */,
				262F86B723E3FEFA00E30355 /* Resources */,
			);
			buildRules = (
			);
			dependencies = (
				262F86BB23E3FEFA00E30355 /* PBXTargetDependency */,
			);
			name = ToDoListTests;
			productName = ToDoListTests;
			productReference = 262F86B923E3FEFA00E30355 /* ToDoListTests.xctest */;
			productType = "com.apple.product-type.bundle.unit-test";
		};
		262F86C323E3FEFA00E30355 /* ToDoListUITests */ = {
			isa = PBXNativeTarget;
			buildConfigurationList = 262F86D323E3FEFA00E30355 /* Build configuration list for PBXNativeTarget "ToDoListUITests" */;
			buildPhases = (
				262F86C023E3FEFA00E30355 /* Sources */,
				262F86C123E3FEFA00E30355 /* Frameworks */,
				262F86C223E3FEFA00E30355 /* Resources */,
			);
			buildRules = (
			);
			dependencies = (
				262F86C623E3FEFA00E30355 /* PBXTargetDependency */,
			);
			name = ToDoListUITests;
			productName = ToDoListUITests;
			productReference = 262F86C423E3FEFA00E30355 /* ToDoListUITests.xctest */;
			productType = "com.apple.product-type.bundle.ui-testing";
		};
/* End PBXNativeTarget section */

/* Begin PBXProject section */
		262F869B23E3FEF900E30355 /* Project object */ = {
			isa = PBXProject;
			attributes = {
				LastSwiftUpdateCheck = 1110;
				LastUpgradeCheck = 1110;
				ORGANIZATIONNAME = "Arto Lindgren";
				TargetAttributes = {
					262F86A223E3FEF900E30355 = {
						CreatedOnToolsVersion = 11.1;
					};
					262F86B823E3FEFA00E30355 = {
						CreatedOnToolsVersion = 11.1;
						TestTargetID = 262F86A223E3FEF900E30355;
					};
					262F86C323E3FEFA00E30355 = {
						CreatedOnToolsVersion = 11.1;
						TestTargetID = 262F86A223E3FEF900E30355;
					};
				};
			};
			buildConfigurationList = 262F869E23E3FEF900E30355 /* Build configuration list for PBXProject "ToDoList" */;
			compatibilityVersion = "Xcode 9.3";
			developmentRegion = en;
			hasScannedForEncodings = 0;
			knownRegions = (
				en,
				Base,
			);
			mainGroup = 262F869A23E3FEF900E30355;
			productRefGroup = 262F86A423E3FEF900E30355 /* Products */;
			projectDirPath = "";
			projectRoot = "";
			targets = (
				262F86A223E3FEF900E30355 /* ToDoList */,
				262F86B823E3FEFA00E30355 /* ToDoListTests */,
				262F86C323E3FEFA00E30355 /* ToDoListUITests */,
			);
		};
/* End PBXProject section */

/* Begin PBXResourcesBuildPhase section */
		262F86A123E3FEF900E30355 /* Resources */ = {
			isa = PBXResourcesBuildPhase;
			buildActionMask = 2147483647;
			files = (
				262F86B323E3FEFA00E30355 /* LaunchScreen.storyboard in Resources */,
				262F86B023E3FEFA00E30355 /* Preview Assets.xcassets in Resources */,
				262F86AD23E3FEFA00E30355 /* Assets.xcassets in Resources */,
			);
			runOnlyForDeploymentPostprocessing = 0;
		};
		262F86B723E3FEFA00E30355 /* Resources */ = {
			isa = PBXResourcesBuildPhase;
			buildActionMask = 2147483647;
			files = (
			);
			runOnlyForDeploymentPostprocessing = 0;
		};
		262F86C223E3FEFA00E30355 /* Resources */ = {
			isa = PBXResourcesBuildPhase;
			buildActionMask = 2147483647;
			files = (
			);
			runOnlyForDeploymentPostprocessing = 0;
		};
/* End PBXResourcesBuildPhase section */

/* Begin PBXSourcesBuildPhase section */
		262F869F23E3FEF900E30355 /* Sources */ = {
			isa = PBXSourcesBuildPhase;
			buildActionMask = 2147483647;
			files = (
				262F86A723E3FEF900E30355 /* AppDelegate.swift in Sources */,
				262F86A923E3FEF900E30355 /* SceneDelegate.swift in Sources */,
				262F86AB23E3FEF900E30355 /* ContentView.swift in Sources */,
			);
			runOnlyForDeploymentPostprocessing = 0;
		};
		262F86B523E3FEFA00E30355 /* Sources */ = {
			isa = PBXSourcesBuildPhase;
			buildActionMask = 2147483647;
			files = (
				262F86BE23E3FEFA00E30355 /* ToDoListTests.swift in Sources */,
			);
			runOnlyForDeploymentPostprocessing = 0;
		};
		262F86C023E3FEFA00E30355 /* Sources */ = {
			isa = PBXSourcesBuildPhase;
			buildActionMask = 2147483647;
			files = (
				262F86C923E3FEFA00E30355 /* ToDoListUITests.swift in Sources */,
			);
			runOnlyForDeploymentPostprocessing = 0;
		};
/* End PBXSourcesBuildPhase section */

/* Begin PBXTargetDependency section */
		262F86BB23E3FEFA00E30355 /* PBXTargetDependency */ = {
			isa = PBXTargetDependency;
			target = 262F86A223E3FEF900E30355 /* ToDoList */;
			targetProxy = 262F86BA23E3FEFA00E30355 /* PBXContainerItemProxy */;
		};
		262F86C623E3FEFA00E30355 /* PBXTargetDependency */ = {
			isa = PBXTargetDependency;
			target = 262F86A223E3FEF900E30355 /* ToDoList */;
			targetProxy = 262F86C523E3FEFA00E30355 /* PBXContainerItemProxy */;
		};
/* End PBXTargetDependency section */

/* Begin PBXVariantGroup section */
		262F86B123E3FEFA00E30355 /* LaunchScreen.storyboard */ = {
			isa = PBXVariantGroup;
			children = (
				262F86B223E3FEFA00E30355 /* Base */,
			);
			name = LaunchScreen.storyboard;
			sourceTree = "<group>";
		};
/* End PBXVariantGroup section */

/* Begin XCBuildConfiguration section */
		262F86CB23E3FEFA00E30355 /* Debug */ = {
			isa = XCBuildConfiguration;
			buildSettings = {
				ALWAYS_SEARCH_USER_PATHS = NO;
				CLANG_ANALYZER_NONNULL = YES;
				CLANG_ANALYZER_NUMBER_OBJECT_CONVERSION = YES_AGGRESSIVE;
				CLANG_CXX_LANGUAGE_STANDARD = "gnu++14";
				CLANG_CXX_LIBRARY = "libc++";
				CLANG_ENABLE_MODULES = YES;
				CLANG_ENABLE_OBJC_ARC = YES;
				CLANG_ENABLE_OBJC_WEAK = YES;
				CLANG_WARN_BLOCK_CAPTURE_AUTORELEASING = YES;
				CLANG_WARN_BOOL_CONVERSION = YES;
				CLANG_WARN_COMMA = YES;
				CLANG_WARN_CONSTANT_CONVERSION = YES;
				CLANG_WARN_DEPRECATED_OBJC_IMPLEMENTATIONS = YES;
				CLANG_WARN_DIRECT_OBJC_ISA_USAGE = YES_ERROR;
				CLANG_WARN_DOCUMENTATION_COMMENTS = YES;
				CLANG_WARN_EMPTY_BODY = YES;
				CLANG_WARN_ENUM_CONVERSION = YES;
				CLANG_WARN_INFINITE_RECURSION = YES;
				CLANG_WARN_INT_CONVERSION = YES;
				CLANG_WARN_NON_LITERAL_NULL_CONVERSION = YES;
				CLANG_WARN_OBJC_IMPLICIT_RETAIN_SELF = YES;
				CLANG_WARN_OBJC_LITERAL_CONVERSION = YES;
				CLANG_WARN_OBJC_ROOT_CLASS = YES_ERROR;
				CLANG_WARN_RANGE_LOOP_ANALYSIS = YES;
				CLANG_WARN_STRICT_PROTOTYPES = YES;
				CLANG_WARN_SUSPICIOUS_MOVE = YES;
				CLANG_WARN_UNGUARDED_AVAILABILITY = YES_AGGRESSIVE;
				CLANG_WARN_UNREACHABLE_CODE = YES;
				CLANG_WARN__DUPLICATE_METHOD_MATCH = YES;
				COPY_PHASE_STRIP = NO;
				DEBUG_INFORMATION_FORMAT = dwarf;
				ENABLE_STRICT_OBJC_MSGSEND = YES;
				ENABLE_TESTABILITY = YES;
				GCC_C_LANGUAGE_STANDARD = gnu11;
				GCC_DYNAMIC_NO_PIC = NO;
				GCC_NO_COMMON_BLOCKS = YES;
				GCC_OPTIMIZATION_LEVEL = 0;
				GCC_PREPROCESSOR_DEFINITIONS = (
					"DEBUG=1",
					"$(inherited)",
				);
				GCC_WARN_64_TO_32_BIT_CONVERSION = YES;
				GCC_WARN_ABOUT_RETURN_TYPE = YES_ERROR;
				GCC_WARN_UNDECLARED_SELECTOR = YES;
				GCC_WARN_UNINITIALIZED_AUTOS = YES_AGGRESSIVE;
				GCC_WARN_UNUSED_FUNCTION = YES;
				GCC_WARN_UNUSED_VARIABLE = YES;
				IPHONEOS_DEPLOYMENT_TARGET = 13.1;
				MTL_ENABLE_DEBUG_INFO = INCLUDE_SOURCE;
				MTL_FAST_MATH = YES;
				ONLY_ACTIVE_ARCH = YES;
				SDKROOT = iphoneos;
				SWIFT_ACTIVE_COMPILATION_CONDITIONS = DEBUG;
				SWIFT_OPTIMIZATION_LEVEL = "-Onone";
			};
			name = Debug;
		};
		262F86CC23E3FEFA00E30355 /* Release */ = {
			isa = XCBuildConfiguration;
			buildSettings = {
				ALWAYS_SEARCH_USER_PATHS = NO;
				CLANG_ANALYZER_NONNULL = YES;
				CLANG_ANALYZER_NUMBER_OBJECT_CONVERSION = YES_AGGRESSIVE;
				CLANG_CXX_LANGUAGE_STANDARD = "gnu++14";
				CLANG_CXX_LIBRARY = "libc++";
				CLANG_ENABLE_MODULES = YES;
				CLANG_ENABLE_OBJC_ARC = YES;
				CLANG_ENABLE_OBJC_WEAK = YES;
				CLANG_WARN_BLOCK_CAPTURE_AUTORELEASING = YES;
				CLANG_WARN_BOOL_CONVERSION = YES;
				CLANG_WARN_COMMA = YES;
				CLANG_WARN_CONSTANT_CONVERSION = YES;
				CLANG_WARN_DEPRECATED_OBJC_IMPLEMENTATIONS = YES;
				CLANG_WARN_DIRECT_OBJC_ISA_USAGE = YES_ERROR;
				CLANG_WARN_DOCUMENTATION_COMMENTS = YES;
				CLANG_WARN_EMPTY_BODY = YES;
				CLANG_WARN_ENUM_CONVERSION = YES;
				CLANG_WARN_INFINITE_RECURSION = YES;
				CLANG_WARN_INT_CONVERSION = YES;
				CLANG_WARN_NON_LITERAL_NULL_CONVERSION = YES;
				CLANG_WARN_OBJC_IMPLICIT_RETAIN_SELF = YES;
				CLANG_WARN_OBJC_LITERAL_CONVERSION = YES;
				CLANG_WARN_OBJC_ROOT_CLASS = YES_ERROR;
				CLANG_WARN_RANGE_LOOP_ANALYSIS = YES;
				CLANG_WARN_STRICT_PROTOTYPES = YES;
				CLANG_WARN_SUSPICIOUS_MOVE = YES;
				CLANG_WARN_UNGUARDED_AVAILABILITY = YES_AGGRESSIVE;
				CLANG_WARN_UNREACHABLE_CODE = YES;
				CLANG_WARN__DUPLICATE_METHOD_MATCH = YES;
				COPY_PHASE_STRIP = NO;
				DEBUG_INFORMATION_FORMAT = "dwarf-with-dsym";
				ENABLE_NS_ASSERTIONS = NO;
				ENABLE_STRICT_OBJC_MSGSEND = YES;
				GCC_C_LANGUAGE_STANDARD = gnu11;
				GCC_NO_COMMON_BLOCKS = YES;
				GCC_WARN_64_TO_32_BIT_CONVERSION = YES;
				GCC_WARN_ABOUT_RETURN_TYPE = YES_ERROR;
				GCC_WARN_UNDECLARED_SELECTOR = YES;
				GCC_WARN_UNINITIALIZED_AUTOS = YES_AGGRESSIVE;
				GCC_WARN_UNUSED_FUNCTION = YES;
				GCC_WARN_UNUSED_VARIABLE = YES;
				IPHONEOS_DEPLOYMENT_TARGET = 13.1;
				MTL_ENABLE_DEBUG_INFO = NO;
				MTL_FAST_MATH = YES;
				SDKROOT = iphoneos;
				SWIFT_COMPILATION_MODE = wholemodule;
				SWIFT_OPTIMIZATION_LEVEL = "-O";
				VALIDATE_PRODUCT = YES;
			};
			name = Release;
		};
		262F86CE23E3FEFA00E30355 /* Debug */ = {
			isa = XCBuildConfiguration;
			buildSettings = {
				ASSETCATALOG_COMPILER_APPICON_NAME = AppIcon;
				CODE_SIGN_STYLE = Automatic;
				DEVELOPMENT_ASSET_PATHS = "\"ToDoList/Preview Content\"";
				ENABLE_PREVIEWS = YES;
				INFOPLIST_FILE = ToDoList/Info.plist;
				LD_RUNPATH_SEARCH_PATHS = (
					"$(inherited)",
					"@executable_path/Frameworks",
				);
				PRODUCT_BUNDLE_IDENTIFIER = lab.ToDoList;
				PRODUCT_NAME = "$(TARGET_NAME)";
				SWIFT_VERSION = 5.0;
				TARGETED_DEVICE_FAMILY = "1,2";
			};
			name = Debug;
		};
		262F86CF23E3FEFA00E30355 /* Release */ = {
			isa = XCBuildConfiguration;
			buildSettings = {
				ASSETCATALOG_COMPILER_APPICON_NAME = AppIcon;
				CODE_SIGN_STYLE = Automatic;
				DEVELOPMENT_ASSET_PATHS = "\"ToDoList/Preview Content\"";
				ENABLE_PREVIEWS = YES;
				INFOPLIST_FILE = ToDoList/Info.plist;
				LD_RUNPATH_SEARCH_PATHS = (
					"$(inherited)",
					"@executable_path/Frameworks",
				);
				PRODUCT_BUNDLE_IDENTIFIER = lab.ToDoList;
				PRODUCT_NAME = "$(TARGET_NAME)";
				SWIFT_VERSION = 5.0;
				TARGETED_DEVICE_FAMILY = "1,2";
			};
			name = Release;
		};
		262F86D123E3FEFA00E30355 /* Debug */ = {
			isa = XCBuildConfiguration;
			buildSettings = {
				ALWAYS_EMBED_SWIFT_STANDARD_LIBRARIES = YES;
				BUNDLE_LOADER = "$(TEST_HOST)";
				CODE_SIGN_STYLE = Automatic;
				INFOPLIST_FILE = ToDoListTests/Info.plist;
				IPHONEOS_DEPLOYMENT_TARGET = 13.1;
				LD_RUNPATH_SEARCH_PATHS = (
					"$(inherited)",
					"@executable_path/Frameworks",
					"@loader_path/Frameworks",
				);
				PRODUCT_BUNDLE_IDENTIFIER = lab.ToDoListTests;
				PRODUCT_NAME = "$(TARGET_NAME)";
				SWIFT_VERSION = 5.0;
				TARGETED_DEVICE_FAMILY = "1,2";
				TEST_HOST = "$(BUILT_PRODUCTS_DIR)/ToDoList.app/ToDoList";
			};
			name = Debug;
		};
		262F86D223E3FEFA00E30355 /* Release */ = {
			isa = XCBuildConfiguration;
			buildSettings = {
				ALWAYS_EMBED_SWIFT_STANDARD_LIBRARIES = YES;
				BUNDLE_LOADER = "$(TEST_HOST)";
				CODE_SIGN_STYLE = Automatic;
				INFOPLIST_FILE = ToDoListTests/Info.plist;
				IPHONEOS_DEPLOYMENT_TARGET = 13.1;
				LD_RUNPATH_SEARCH_PATHS = (
					"$(inherited)",
					"@executable_path/Frameworks",
					"@loader_path/Frameworks",
				);
				PRODUCT_BUNDLE_IDENTIFIER = lab.ToDoListTests;
				PRODUCT_NAME = "$(TARGET_NAME)";
				SWIFT_VERSION = 5.0;
				TARGETED_DEVICE_FAMILY = "1,2";
				TEST_HOST = "$(BUILT_PRODUCTS_DIR)/ToDoList.app/ToDoList";
			};
			name = Release;
		};
		262F86D423E3FEFA00E30355 /* Debug */ = {
			isa = XCBuildConfiguration;
			buildSettings = {
				ALWAYS_EMBED_SWIFT_STANDARD_LIBRARIES = YES;
				CODE_SIGN_STYLE = Automatic;
				INFOPLIST_FILE = ToDoListUITests/Info.plist;
				LD_RUNPATH_SEARCH_PATHS = (
					"$(inherited)",
					"@executable_path/Frameworks",
					"@loader_path/Frameworks",
				);
				PRODUCT_BUNDLE_IDENTIFIER = lab.ToDoListUITests;
				PRODUCT_NAME = "$(TARGET_NAME)";
				SWIFT_VERSION = 5.0;
				TARGETED_DEVICE_FAMILY = "1,2";
				TEST_TARGET_NAME = ToDoList;
			};
			name = Debug;
		};
		262F86D523E3FEFA00E30355 /* Release */ = {
			isa = XCBuildConfiguration;
			buildSettings = {
				ALWAYS_EMBED_SWIFT_STANDARD_LIBRARIES = YES;
				CODE_SIGN_STYLE = Automatic;
				INFOPLIST_FILE = ToDoListUITests/Info.plist;
				LD_RUNPATH_SEARCH_PATHS = (
					"$(inherited)",
					"@executable_path/Frameworks",
					"@loader_path/Frameworks",
				);
				PRODUCT_BUNDLE_IDENTIFIER = lab.ToDoListUITests;
				PRODUCT_NAME = "$(TARGET_NAME)";
				SWIFT_VERSION = 5.0;
				TARGETED_DEVICE_FAMILY = "1,2";
				TEST_TARGET_NAME = ToDoList;
			};
			name = Release;
		};
/* End XCBuildConfiguration section */

/* Begin XCConfigurationList section */
		262F869E23E3FEF900E30355 /* Build configuration list for PBXProject "ToDoList" */ = {
			isa = XCConfigurationList;
			buildConfigurations = (
				262F86CB23E3FEFA00E30355 /* Debug */,
				262F86CC23E3FEFA00E30355 /* Release */,
			);
			defaultConfigurationIsVisible = 0;
			defaultConfigurationName = Release;
		};
		262F86CD23E3FEFA00E30355 /* Build configuration list for PBXNativeTarget "ToDoList" */ = {
			isa = XCConfigurationList;
			buildConfigurations = (
				262F86CE23E3FEFA00E30355 /* Debug */,
				262F86CF23E3FEFA00E30355 /* Release */,
			);
			defaultConfigurationIsVisible = 0;
			defaultConfigurationName = Release;
		};
		262F86D023E3FEFA00E30355 /* Build configuration list for PBXNativeTarget "ToDoListTests" */ = {
			isa = XCConfigurationList;
			buildConfigurations = (
				262F86D123E3FEFA00E30355 /* Debug */,
				262F86D223E3FEFA00E30355 /* Release */,
			);
			defaultConfigurationIsVisible = 0;
			defaultConfigurationName = Release;
		};
		262F86D323E3FEFA00E30355 /* Build configuration list for PBXNativeTarget "ToDoListUITests" */ = {
			isa = XCConfigurationList;
			buildConfigurations = (
				262F86D423E3FEFA00E30355 /* Debug */,
				262F86D523E3FEFA00E30355 /* Release */,
			);
			defaultConfigurationIsVisible = 0;
			defaultConfigurationName = Release;
		};
/* End XCConfigurationList section */
	};
	rootObject = 262F869B23E3FEF900E30355 /* Project object */;
}
